
Microsoft Visual Studio Solution File, Format Version 12.00
# Visual Studio Version 17
VisualStudioVersion = 17.8.34309.116
MinimumVisualStudioVersion = 10.0.40219.1
Project("{FAE04EC0-301F-11D3-BF4B-00C04F79EFBC}") = "API_RESERVA", "API_RESERVA\API_RESERVA.csproj", "{C840AD4A-EC76-49CA-B7BE-E0D80177ED43}"
EndProject
Global
	GlobalSection(SolutionConfigurationPlatforms) = preSolution
		Debug|Any CPU = Debug|Any CPU
		Release|Any CPU = Release|Any CPU
	EndGlobalSection
	GlobalSection(ProjectConfigurationPlatforms) = postSolution
		{C840AD4A-EC76-49CA-B7BE-E0D80177ED43}.Debug|Any CPU.ActiveCfg = Debug|Any CPU
		{C840AD4A-EC76-49CA-B7BE-E0D80177ED43}.Debug|Any CPU.Build.0 = Debug|Any CPU
		{C840AD4A-EC76-49CA-B7BE-E0D80177ED43}.Release|Any CPU.ActiveCfg = Release|Any CPU
		{C840AD4A-EC76-49CA-B7BE-E0D80177ED43}.Release|Any CPU.Build.0 = Release|Any CPU
	EndGlobalSection
	GlobalSection(SolutionProperties) = preSolution
		HideSolutionNode = FALSE
	EndGlobalSection
	GlobalSection(ExtensibilityGlobals) = postSolution
		SolutionGuid = {F4F60BCC-50E2-4ED0-8265-9CA4D6F75349}
	EndGlobalSection
EndGlobal
